{
  "read_inbox": "f639a83833c5142c82f609f4c85d24b3c023393307ef18a463a03d08c0888b66",
  "read_file": "3af4e586ef7b03fe017d4be6a68c267d6f7ce6895eb4f1d1c3906a27bba2602c",
  "list_files": "45260d7e4bb543c6a732526c2358a054508699a5384381b00750e46650e7e686",
  "web_fetch": "e03f912ad114dcd97d25d39a7716cf7e4c0a6a5c0db82809433281c697987d31",
  "send_email": "cd2bddd407fbf544d134e9e9a337b59104110f7dd679888a8990a5883501948c",
  "make_payment": "dff2a8956f9f5f4653d0b6b0799f5f4db74e96eaa822a3c898b4b11283b898ef",
  "upi_pay": "803223e1b3edb5f833a8b3a57f9ac6ceb929be2186b79ee55695dd963181ee4e",
  "remember": "854531e1c9588ec9e893496adca8e66aa751f3c1891802bced6a0c7caeaff61a",
  "recall_memory": "c5661ebb6dd0eea0f51465d7af7adeb71a47c14692c3aa31b6457f646a2964b8"
}